
Microsoft Visual Studio Solution File, Format Version 12.00
# Visual Studio 15
VisualStudioVersion = 15.0.28307.168
MinimumVisualStudioVersion = 10.0.40219.1
Project("{FAE04EC0-301F-11D3-BF4B-00C04F79EFBC}") = "RabbitMQ", "RabbitMQ\RabbitMQ.csproj", "{8D1046B1-1767-4F30-A677-AE1826147B9D}"
EndProject
Project("{FAE04EC0-301F-11D3-BF4B-00C04F79EFBC}") = "RabbitMQ_Producer", "RabbitMQ_Producer\RabbitMQ_Producer.csproj", "{1751CFC2-B7F1-45B5-B45D-B202DF78955A}"
EndProject
Project("{FAE04EC0-301F-11D3-BF4B-00C04F79EFBC}") = "RabbitMQ_Consumer", "RabbitMQ_Consumer\RabbitMQ_Consumer.csproj", "{224562BB-C2C7-4318-AFB6-2F98873565FB}"
EndProject
Global
	GlobalSection(SolutionConfigurationPlatforms) = preSolution
		Debug|Any CPU = Debug|Any CPU
		Release|Any CPU = Release|Any CPU
	EndGlobalSection
	GlobalSection(ProjectConfigurationPlatforms) = postSolution
		{8D1046B1-1767-4F30-A677-AE1826147B9D}.Debug|Any CPU.ActiveCfg = Debug|Any CPU
		{8D1046B1-1767-4F30-A677-AE1826147B9D}.Debug|Any CPU.Build.0 = Debug|Any CPU
		{8D1046B1-1767-4F30-A677-AE1826147B9D}.Release|Any CPU.ActiveCfg = Release|Any CPU
		{8D1046B1-1767-4F30-A677-AE1826147B9D}.Release|Any CPU.Build.0 = Release|Any CPU
		{1751CFC2-B7F1-45B5-B45D-B202DF78955A}.Debug|Any CPU.ActiveCfg = Debug|Any CPU
		{1751CFC2-B7F1-45B5-B45D-B202DF78955A}.Debug|Any CPU.Build.0 = Debug|Any CPU
		{1751CFC2-B7F1-45B5-B45D-B202DF78955A}.Release|Any CPU.ActiveCfg = Release|Any CPU
		{1751CFC2-B7F1-45B5-B45D-B202DF78955A}.Release|Any CPU.Build.0 = Release|Any CPU
		{224562BB-C2C7-4318-AFB6-2F98873565FB}.Debug|Any CPU.ActiveCfg = Debug|Any CPU
		{224562BB-C2C7-4318-AFB6-2F98873565FB}.Debug|Any CPU.Build.0 = Debug|Any CPU
		{224562BB-C2C7-4318-AFB6-2F98873565FB}.Release|Any CPU.ActiveCfg = Release|Any CPU
		{224562BB-C2C7-4318-AFB6-2F98873565FB}.Release|Any CPU.Build.0 = Release|Any CPU
	EndGlobalSection
	GlobalSection(SolutionProperties) = preSolution
		HideSolutionNode = FALSE
	EndGlobalSection
	GlobalSection(ExtensibilityGlobals) = postSolution
		SolutionGuid = {64587192-025B-4BBD-BFCF-D8B7C56F2D1E}
	EndGlobalSection
EndGlobal
